
Microsoft Visual Studio Solution File, Format Version 12.00
# Visual Studio Version 16
VisualStudioVersion = 16.0.30002.166
MinimumVisualStudioVersion = 10.0.40219.1
Project("{FAE04EC0-301F-11D3-BF4B-00C04F79EFBC}") = "ProductivityTools.AzureDevOps.TimeTracking", "ProductivityTools.AzureDevOps.TimeTracking\ProductivityTools.AzureDevOps.TimeTracking.csproj", "{95E05B86-5F9F-488A-AFB7-B92C89B6E673}"
EndProject
Global
	GlobalSection(SolutionConfigurationPlatforms) = preSolution
		Debug|Any CPU = Debug|Any CPU
		Release|Any CPU = Release|Any CPU
	EndGlobalSection
	GlobalSection(ProjectConfigurationPlatforms) = postSolution
		{95E05B86-5F9F-488A-AFB7-B92C89B6E673}.Debug|Any CPU.ActiveCfg = Debug|Any CPU
		{95E05B86-5F9F-488A-AFB7-B92C89B6E673}.Debug|Any CPU.Build.0 = Debug|Any CPU
		{95E05B86-5F9F-488A-AFB7-B92C89B6E673}.Release|Any CPU.ActiveCfg = Release|Any CPU
		{95E05B86-5F9F-488A-AFB7-B92C89B6E673}.Release|Any CPU.Build.0 = Release|Any CPU
	EndGlobalSection
	GlobalSection(SolutionProperties) = preSolution
		HideSolutionNode = FALSE
	EndGlobalSection
	GlobalSection(ExtensibilityGlobals) = postSolution
		SolutionGuid = {F04127C1-2769-4384-8D44-75CECC15E627}
	EndGlobalSection
EndGlobal
